
Microsoft Visual Studio Solution File, Format Version 12.00
# Visual Studio Version 17
VisualStudioVersion = 17.9.34723.18
MinimumVisualStudioVersion = 10.0.40219.1
Project("{FAE04EC0-301F-11D3-BF4B-00C04F79EFBC}") = "PrzychodniaLekarska", "PrzychodniaLekarska.csproj", "{13F07DDE-0F09-40DB-9A1C-D21215EC8D2A}"
EndProject
Global
	GlobalSection(SolutionConfigurationPlatforms) = preSolution
		Debug|Any CPU = Debug|Any CPU
		Release|Any CPU = Release|Any CPU
	EndGlobalSection
	GlobalSection(ProjectConfigurationPlatforms) = postSolution
		{13F07DDE-0F09-40DB-9A1C-D21215EC8D2A}.Debug|Any CPU.ActiveCfg = Debug|Any CPU
		{13F07DDE-0F09-40DB-9A1C-D21215EC8D2A}.Debug|Any CPU.Build.0 = Debug|Any CPU
		{13F07DDE-0F09-40DB-9A1C-D21215EC8D2A}.Release|Any CPU.ActiveCfg = Release|Any CPU
		{13F07DDE-0F09-40DB-9A1C-D21215EC8D2A}.Release|Any CPU.Build.0 = Release|Any CPU
	EndGlobalSection
	GlobalSection(SolutionProperties) = preSolution
		HideSolutionNode = FALSE
	EndGlobalSection
	GlobalSection(ExtensibilityGlobals) = postSolution
		SolutionGuid = {0686EAB2-CFD8-4186-A856-03120501E8CB}
	EndGlobalSection
EndGlobal
